
Microsoft Visual Studio Solution File, Format Version 12.00
# Visual Studio Version 16
VisualStudioVersion = 16.6.30114.105
MinimumVisualStudioVersion = 10.0.40219.1
Project("{9A19103F-16F7-4668-BE54-9A1E7A4F7556}") = "ColorfulRedis.Core", "src\ColorfulRedis.Core\ColorfulRedis.Core.csproj", "{6D8638EB-7E04-461C-9346-2EAF3EF3E877}"
EndProject
Global
	GlobalSection(SolutionConfigurationPlatforms) = preSolution
		Debug|Any CPU = Debug|Any CPU
		Debug|x64 = Debug|x64
		Debug|x86 = Debug|x86
		Release|Any CPU = Release|Any CPU
		Release|x64 = Release|x64
		Release|x86 = Release|x86
	EndGlobalSection
	GlobalSection(ProjectConfigurationPlatforms) = postSolution
		{6D8638EB-7E04-461C-9346-2EAF3EF3E877}.Debug|Any CPU.ActiveCfg = Debug|Any CPU
		{6D8638EB-7E04-461C-9346-2EAF3EF3E877}.Debug|Any CPU.Build.0 = Debug|Any CPU
		{6D8638EB-7E04-461C-9346-2EAF3EF3E877}.Debug|x64.ActiveCfg = Debug|Any CPU
		{6D8638EB-7E04-461C-9346-2EAF3EF3E877}.Debug|x64.Build.0 = Debug|Any CPU
		{6D8638EB-7E04-461C-9346-2EAF3EF3E877}.Debug|x86.ActiveCfg = Debug|Any CPU
		{6D8638EB-7E04-461C-9346-2EAF3EF3E877}.Debug|x86.Build.0 = Debug|Any CPU
		{6D8638EB-7E04-461C-9346-2EAF3EF3E877}.Release|Any CPU.ActiveCfg = Release|Any CPU
		{6D8638EB-7E04-461C-9346-2EAF3EF3E877}.Release|Any CPU.Build.0 = Release|Any CPU
		{6D8638EB-7E04-461C-9346-2EAF3EF3E877}.Release|x64.ActiveCfg = Release|Any CPU
		{6D8638EB-7E04-461C-9346-2EAF3EF3E877}.Release|x64.Build.0 = Release|Any CPU
		{6D8638EB-7E04-461C-9346-2EAF3EF3E877}.Release|x86.ActiveCfg = Release|Any CPU
		{6D8638EB-7E04-461C-9346-2EAF3EF3E877}.Release|x86.Build.0 = Release|Any CPU
	EndGlobalSection
	GlobalSection(SolutionProperties) = preSolution
		HideSolutionNode = FALSE
	EndGlobalSection
	GlobalSection(ExtensibilityGlobals) = postSolution
		SolutionGuid = {43A0D23B-6475-4E09-9DA6-FC967EE30B81}
	EndGlobalSection
EndGlobal
